gitee.com/rocket049/gowebkitgtk6 v1.0.1 h1:mG2x9xtDkAu4g25Hm7ut2cJ62Shv3Dl8oBUiDShvFqw=
gitee.com/rocket049/gowebkitgtk6 v1.0.1/go.mod h1:QUf9JnHMNRL9wdPG5RDMdSGNP0/ZiF0S3rHU+fcAftk=
gitee.com/rocket049/gowebkitgtk6 v1.0.2 h1:PvO0IqFdtZFsgxFe3XgvPYEVkrWZu8zmHmjr+EzReak=
gitee.com/rocket049/gowebkitgtk6 v1.0.2/go.mod h1:QUf9JnHMNRL9wdPG5RDMdSGNP0/ZiF0S3rHU+fcAftk=
gitee.com/rocket049/gowebkitgtk6 v1.0.3 h1:Dh2bAPA7e6DYVotvsIB/H1X8DA6NxYscMujh0UOVDwQ=
gitee.com/rocket049/gowebkitgtk6 v1.0.3/go.mod h1:QUf9JnHMNRL9wdPG5RDMdSGNP0/ZiF0S3rHU+fcAftk=
gitee.com/rocket049/gowebkitgtk6 v1.0.4 h1:zoIlHA+uZ2HJyej3oFphqbWfLp53B4+xuQC0om5UjvE=
gitee.com/rocket049/gowebkitgtk6 v1.0.4/go.mod h1:QUf9JnHMNRL9wdPG5RDMdSGNP0/ZiF0S3rHU+fcAftk=
gitee.com/rocket049/syncmap v1.0.6 h1:BLfKcvaItq0EO30dEj6UjJpvX+LJxh8MNV0oINAR79s=
gitee.com/rocket049/syncmap v1.0.6/go.mod h1:6D3kyiwetDUfnlbYwMhQWXJsfxc/3wE/gVZIsu9k8jE=
gitee.com/rocket049/websocketrpc v1.0.8 h1:bi+l4i9FR8PkaG9ICDJlXeIqodkRuxPEy8eekHTQ1vU=
gitee.com/rocket049/websocketrpc v1.0.8/go.mod h1:VA0mJASy0EzLFAXnZW557/yEg7pBZrGqyy2dKOYot8A=
github.com/gorilla/websocket v1.5.3 h1:saDtZ6Pbx/0u+bgYQ3q96pZgCzfhKXGPqt7kZ72aNNg=
github.com/gorilla/websocket v1.5.3/go.mod h1:YR8l580nyteQvAITg2hZ9XVh4b55+EU/adAjf1fMHhE=
